
Microsoft Visual Studio Solution File, Format Version 12.00
# Visual Studio Version 16
VisualStudioVersion = 16.0.31025.194
MinimumVisualStudioVersion = 10.0.40219.1
Project("{FAE04EC0-301F-11D3-BF4B-00C04F79EFBC}") = "CriadoresCaes", "CriadoresCaes\CriadoresCaes.csproj", "{23F7A803-5A5E-4682-8F8B-9E9781837A9A}"
EndProject
Global
	GlobalSection(SolutionConfigurationPlatforms) = preSolution
		Debug|Any CPU = Debug|Any CPU
		Release|Any CPU = Release|Any CPU
	EndGlobalSection
	GlobalSection(ProjectConfigurationPlatforms) = postSolution
		{23F7A803-5A5E-4682-8F8B-9E9781837A9A}.Debug|Any CPU.ActiveCfg = Debug|Any CPU
		{23F7A803-5A5E-4682-8F8B-9E9781837A9A}.Debug|Any CPU.Build.0 = Debug|Any CPU
		{23F7A803-5A5E-4682-8F8B-9E9781837A9A}.Release|Any CPU.ActiveCfg = Release|Any CPU
		{23F7A803-5A5E-4682-8F8B-9E9781837A9A}.Release|Any CPU.Build.0 = Release|Any CPU
	EndGlobalSection
	GlobalSection(SolutionProperties) = preSolution
		HideSolutionNode = FALSE
	EndGlobalSection
	GlobalSection(ExtensibilityGlobals) = postSolution
		SolutionGuid = {932437F2-C838-4D01-90D9-3FF55113A2B5}
	EndGlobalSection
EndGlobal
